
Microsoft Visual Studio Solution File, Format Version 12.00
# Visual Studio Version 16
VisualStudioVersion = 16.0.34407.143
MinimumVisualStudioVersion = 10.0.40219.1
Project("{FAE04EC0-301F-11D3-BF4B-00C04F79EFBC}") = "DataContextDemo", "DataContextDemo.csproj", "{C30EAF2A-78CC-4780-A320-6EAA2701606A}"
EndProject
Global
	GlobalSection(SolutionConfigurationPlatforms) = preSolution
		Debug|Any CPU = Debug|Any CPU
		Release|Any CPU = Release|Any CPU
	EndGlobalSection
	GlobalSection(ProjectConfigurationPlatforms) = postSolution
		{C30EAF2A-78CC-4780-A320-6EAA2701606A}.Debug|Any CPU.ActiveCfg = Debug|Any CPU
		{C30EAF2A-78CC-4780-A320-6EAA2701606A}.Debug|Any CPU.Build.0 = Debug|Any CPU
		{C30EAF2A-78CC-4780-A320-6EAA2701606A}.Release|Any CPU.ActiveCfg = Release|Any CPU
		{C30EAF2A-78CC-4780-A320-6EAA2701606A}.Release|Any CPU.Build.0 = Release|Any CPU
	EndGlobalSection
	GlobalSection(SolutionProperties) = preSolution
		HideSolutionNode = FALSE
	EndGlobalSection
	GlobalSection(ExtensibilityGlobals) = postSolution
		SolutionGuid = {2CD8122A-3D59-487A-9EB5-1F74579A2AE1}
	EndGlobalSection
EndGlobal
